<?xml version="1.0" encoding="utf-8"?>
<Project ToolsVersion="4.0" xmlns="http://schemas.microsoft.com/developer/msbuild/2003">
  <ItemGroup>
    <Filter Include="소스 파일">
      <UniqueIdentifier>{4FC737F1-C7A5-4376-A066-2A32D752A2FF}</UniqueIdentifier>
      <Extensions>cpp;c;cc;cxx;def;odl;idl;hpj;bat;asm;asmx</Extensions>
    </Filter>
    <Filter Include="헤더 파일">
      <UniqueIdentifier>{93995380-89BD-4b04-88EB-625FBE52EBFB}</UniqueIdentifier>
      <Extensions>h;hh;hpp;hxx;hm;inl;inc;xsd</Extensions>
    </Filter>
    <Filter Include="리소스 파일">
      <UniqueIdentifier>{67DA6AB6-F800-4c08-8B7A-83BB121AAD01}</UniqueIdentifier>
      <Extensions>rc;ico;cur;bmp;dlg;rc2;rct;bin;rgs;gif;jpg;jpeg;jpe;resx;tiff;tif;png;wav;mfcribbon-ms</Extensions>
    </Filter>
    <Filter Include="00. Window">
      <UniqueIdentifier>{04f652f4-3476-4e42-b670-3fbfdb914034}</UniqueIdentifier>
    </Filter>
    <Filter Include="00. Window\00. MainFrm">
      <UniqueIdentifier>{c2517a0d-5cd5-4cad-a5f2-e2213d4e20f2}</UniqueIdentifier>
    </Filter>
    <Filter Include="00. Window\01. View">
      <UniqueIdentifier>{03678de3-c54f-4505-a410-9f090c48eaf5}</UniqueIdentifier>
    </Filter>
    <Filter Include="00. Window\02. Document">
      <UniqueIdentifier>{4f36a64e-2485-4d05-8c8b-4b9c45e1f07a}</UniqueIdentifier>
    </Filter>
    <Filter Include="01. FormView">
      <UniqueIdentifier>{087c9f8b-ebb9-4793-b2e7-b33d9c2b160e}</UniqueIdentifier>
    </Filter>
    <Filter Include="03. Camera_Dynamic">
      <UniqueIdentifier>{096cf711-2b84-476f-b4f9-8634495552c6}</UniqueIdentifier>
    </Filter>
    <Filter Include="02. Object">
      <UniqueIdentifier>{289b496e-102b-46d8-a444-2079426d1194}</UniqueIdentifier>
    </Filter>
    <Filter Include="02. Object\00. MyTerrain">
      <UniqueIdentifier>{b3e19b62-b9a3-4c35-ba36-9ca235ce490b}</UniqueIdentifier>
    </Filter>
    <Filter Include="02. Object\01. PlayerSpawn">
      <UniqueIdentifier>{64b86a9b-b4cf-49ab-ba4c-310df7992703}</UniqueIdentifier>
    </Filter>
    <Filter Include="02. Object\02. MonsterSpawn">
      <UniqueIdentifier>{9df4afdb-20fd-414a-8d87-0f65eb52c461}</UniqueIdentifier>
    </Filter>
    <Filter Include="02. Object\03. BackGround">
      <UniqueIdentifier>{0b6ad98f-c865-4e5c-a080-f2db16a8d9a0}</UniqueIdentifier>
    </Filter>
  </ItemGroup>
  <ItemGroup>
    <Text Include="ReadMe.txt" />
  </ItemGroup>
  <ItemGroup>
    <ClInclude Include="Tool.h">
      <Filter>헤더 파일</Filter>
    </ClInclude>
    <ClInclude Include="stdafx.h">
      <Filter>헤더 파일</Filter>
    </ClInclude>
    <ClInclude Include="targetver.h">
      <Filter>헤더 파일</Filter>
    </ClInclude>
    <ClInclude Include="Resource.h">
      <Filter>헤더 파일</Filter>
    </ClInclude>
    <ClInclude Include="MainFrm.h">
      <Filter>00. Window\00. MainFrm</Filter>
    </ClInclude>
    <ClInclude Include="ToolDoc.h">
      <Filter>00. Window\02. Document</Filter>
    </ClInclude>
    <ClInclude Include="..\Public\Tool_Defines.h">
      <Filter>헤더 파일</Filter>
    </ClInclude>
    <ClInclude Include="MyForm.h">
      <Filter>01. FormView</Filter>
    </ClInclude>
    <ClInclude Include="..\Public\MyTerrain.h">
      <Filter>02. Object\00. MyTerrain</Filter>
    </ClInclude>
    <ClInclude Include="..\Public\Camera_Dynamic.h">
      <Filter>03. Camera_Dynamic</Filter>
    </ClInclude>
    <ClInclude Include="ToolView.h">
      <Filter>00. Window\01. View</Filter>
    </ClInclude>
    <ClInclude Include="..\Public\PlayerSpawn.h">
      <Filter>02. Object\01. PlayerSpawn</Filter>
    </ClInclude>
    <ClInclude Include="..\..\Engine\Public\MonsterSpawn.h">
      <Filter>02. Object\02. MonsterSpawn</Filter>
    </ClInclude>
    <ClInclude Include="..\Public\BackGruondObj.h">
      <Filter>02. Object\03. BackGround</Filter>
    </ClInclude>
  </ItemGroup>
  <ItemGroup>
    <ClCompile Include="Tool.cpp">
      <Filter>소스 파일</Filter>
    </ClCompile>
    <ClCompile Include="stdafx.cpp">
      <Filter>소스 파일</Filter>
    </ClCompile>
    <ClCompile Include="MainFrm.cpp">
      <Filter>00. Window\00. MainFrm</Filter>
    </ClCompile>
    <ClCompile Include="ToolView.cpp">
      <Filter>00. Window\01. View</Filter>
    </ClCompile>
    <ClCompile Include="ToolDoc.cpp">
      <Filter>00. Window\02. Document</Filter>
    </ClCompile>
    <ClCompile Include="MyForm.cpp">
      <Filter>01. FormView</Filter>
    </ClCompile>
    <ClCompile Include="..\Private\MyTerrain.cpp">
      <Filter>02. Object\00. MyTerrain</Filter>
    </ClCompile>
    <ClCompile Include="..\Private\Camera_Dynamic.cpp">
      <Filter>03. Camera_Dynamic</Filter>
    </ClCompile>
    <ClCompile Include="..\Private\PlayerSpawn.cpp">
      <Filter>02. Object\01. PlayerSpawn</Filter>
    </ClCompile>
    <ClCompile Include="..\..\Engine\Private\MonsterSpawn.cpp">
      <Filter>02. Object\02. MonsterSpawn</Filter>
    </ClCompile>
    <ClCompile Include="..\Private\BackGruondObj.cpp">
      <Filter>02. Object\03. BackGround</Filter>
    </ClCompile>
  </ItemGroup>
  <ItemGroup>
    <ResourceCompile Include="Tool.rc">
      <Filter>리소스 파일</Filter>
    </ResourceCompile>
  </ItemGroup>
  <ItemGroup>
    <None Include="res\Tool.rc2">
      <Filter>리소스 파일</Filter>
    </None>
  </ItemGroup>
  <ItemGroup>
    <Image Include="res\ToolDoc.ico">
      <Filter>리소스 파일</Filter>
    </Image>
    <Image Include="res\Tool.ico">
      <Filter>리소스 파일</Filter>
    </Image>
    <Image Include="res\Toolbar.bmp">
      <Filter>리소스 파일</Filter>
    </Image>
  </ItemGroup>
</Project>